
Microsoft Visual Studio Solution File, Format Version 12.00
# Visual Studio Version 17
VisualStudioVersion = 17.13.35818.85 d17.13
MinimumVisualStudioVersion = 10.0.40219.1
Project("{FAE04EC0-301F-11D3-BF4B-00C04F79EFBC}") = "BankTellerSystem.API", "BankTellerSystem.API\BankTellerSystem.API.csproj", "{B9BE4F0C-F450-4ECF-9169-381A577A3690}"
EndProject
Project("{FAE04EC0-301F-11D3-BF4B-00C04F79EFBC}") = "BankTellerSystem.Application", "BankTellerSystem.Application\BankTellerSystem.Application.csproj", "{48717280-890F-46BE-9F48-744591B90664}"
EndProject
Project("{FAE04EC0-301F-11D3-BF4B-00C04F79EFBC}") = "BankTellerSystem.Domain", "BankTellerSystem.Domain\BankTellerSystem.Domain.csproj", "{55FD499C-5E98-4A17-9ECA-C6831845063F}"
EndProject
Project("{FAE04EC0-301F-11D3-BF4B-00C04F79EFBC}") = "BankTellerSystem.InfraData", "BankTellerSystem.InfraData\BankTellerSystem.InfraData.csproj", "{04E48EA7-4652-4EF6-85C3-617FD6BC513A}"
EndProject
Project("{FAE04EC0-301F-11D3-BF4B-00C04F79EFBC}") = "BankTellerSystem.Tests", "BankTellerSystem.Tests\BankTellerSystem.Tests.csproj", "{4651AF98-427D-4F60-8B96-41478C10A19A}"
EndProject
Global
	GlobalSection(SolutionConfigurationPlatforms) = preSolution
		Debug|Any CPU = Debug|Any CPU
		Release|Any CPU = Release|Any CPU
	EndGlobalSection
	GlobalSection(ProjectConfigurationPlatforms) = postSolution
		{B9BE4F0C-F450-4ECF-9169-381A577A3690}.Debug|Any CPU.ActiveCfg = Debug|Any CPU
		{B9BE4F0C-F450-4ECF-9169-381A577A3690}.Debug|Any CPU.Build.0 = Debug|Any CPU
		{B9BE4F0C-F450-4ECF-9169-381A577A3690}.Release|Any CPU.ActiveCfg = Release|Any CPU
		{B9BE4F0C-F450-4ECF-9169-381A577A3690}.Release|Any CPU.Build.0 = Release|Any CPU
		{48717280-890F-46BE-9F48-744591B90664}.Debug|Any CPU.ActiveCfg = Debug|Any CPU
		{48717280-890F-46BE-9F48-744591B90664}.Debug|Any CPU.Build.0 = Debug|Any CPU
		{48717280-890F-46BE-9F48-744591B90664}.Release|Any CPU.ActiveCfg = Release|Any CPU
		{48717280-890F-46BE-9F48-744591B90664}.Release|Any CPU.Build.0 = Release|Any CPU
		{55FD499C-5E98-4A17-9ECA-C6831845063F}.Debug|Any CPU.ActiveCfg = Debug|Any CPU
		{55FD499C-5E98-4A17-9ECA-C6831845063F}.Debug|Any CPU.Build.0 = Debug|Any CPU
		{55FD499C-5E98-4A17-9ECA-C6831845063F}.Release|Any CPU.ActiveCfg = Release|Any CPU
		{55FD499C-5E98-4A17-9ECA-C6831845063F}.Release|Any CPU.Build.0 = Release|Any CPU
		{04E48EA7-4652-4EF6-85C3-617FD6BC513A}.Debug|Any CPU.ActiveCfg = Debug|Any CPU
		{04E48EA7-4652-4EF6-85C3-617FD6BC513A}.Debug|Any CPU.Build.0 = Debug|Any CPU
		{04E48EA7-4652-4EF6-85C3-617FD6BC513A}.Release|Any CPU.ActiveCfg = Release|Any CPU
		{04E48EA7-4652-4EF6-85C3-617FD6BC513A}.Release|Any CPU.Build.0 = Release|Any CPU
		{4651AF98-427D-4F60-8B96-41478C10A19A}.Debug|Any CPU.ActiveCfg = Debug|Any CPU
		{4651AF98-427D-4F60-8B96-41478C10A19A}.Debug|Any CPU.Build.0 = Debug|Any CPU
		{4651AF98-427D-4F60-8B96-41478C10A19A}.Release|Any CPU.ActiveCfg = Release|Any CPU
		{4651AF98-427D-4F60-8B96-41478C10A19A}.Release|Any CPU.Build.0 = Release|Any CPU
	EndGlobalSection
	GlobalSection(SolutionProperties) = preSolution
		HideSolutionNode = FALSE
	EndGlobalSection
	GlobalSection(ExtensibilityGlobals) = postSolution
		SolutionGuid = {D82ADA0F-91B5-4419-BD4E-BF1E4448C80B}
	EndGlobalSection
EndGlobal
